// !$*UTF8*$!
{
	archiveVersion = 1;
	classes = {
	};
	objectVersion = 46;
	objects = {

/* Begin PBXBuildFile section */
		9D29995819BA7EBD005EBC8A /* MediaSessionManager.m in Sources */ = {isa = PBXBuildFile; fileRef = 9D29995719BA7EBD005EBC8A /* MediaSessionManager.m */; };
		9D29995B19BA9042005EBC8A /* MediaDevVC.m in Sources */ = {isa = PBXBuildFile; fileRef = 9D29995A19BA9042005EBC8A /* MediaDevVC.m */; };
		A562D50D1B506D2800F566F4 /* VideoPlayerView.m in Sources */ = {isa = PBXBuildFile; fileRef = A562D50C1B506D2800F566F4 /* VideoPlayerView.m */; };
		A57A92FF1B55A551006C2597 /* CameraFocusSquare.m in Sources */ = {isa = PBXBuildFile; fileRef = A57A92FE1B55A551006C2597 /* CameraFocusSquare.m */; };
		A57A93051B55E835006C2597 /* VerbatmCameraView.m in Sources */ = {isa = PBXBuildFile; fileRef = A57A93041B55E835006C2597 /* VerbatmCameraView.m */; };
		A57A93071B55E95B006C2597 /* VerbatmCameraView.xib in Resources */ = {isa = PBXBuildFile; fileRef = A57A93061B55E95B006C2597 /* VerbatmCameraView.xib */; };
		A5B344901B4DE18B0074B4AA /* MultiplePhotoAVE.xib in Resources */ = {isa = PBXBuildFile; fileRef = A5B3448F1B4DE18B0074B4AA /* MultiplePhotoAVE.xib */; };
		A5B344961B4DE72F0074B4AA /* MultiplePhotoVideoAVE.xib in Resources */ = {isa = PBXBuildFile; fileRef = A5B344951B4DE72F0074B4AA /* MultiplePhotoVideoAVE.xib */; };
		A5CB82A31B5740A000195A2E /* UIEffects.m in Sources */ = {isa = PBXBuildFile; fileRef = A5CB82A21B5740A000195A2E /* UIEffects.m */; };
		C702DE701B315CDF00EE2B00 /* ArticleDisplayVC.m in Sources */ = {isa = PBXBuildFile; fileRef = C702DE6F1B315CDF00EE2B00 /* ArticleDisplayVC.m */; };
		C716A5B219E0CA3500A5490B /* DashLineView.m in Sources */ = {isa = PBXBuildFile; fileRef = C716A5B119E0CA3500A5490B /* DashLineView.m */; };
		C734FD9519B13D5F00B2C370 /* ImageIO.framework in Frameworks */ = {isa = PBXBuildFile; fileRef = C734FD9419B13D5F00B2C370 /* ImageIO.framework */; };
		C734FD9719B13D7700B2C370 /* CoreVideo.framework in Frameworks */ = {isa = PBXBuildFile; fileRef = C734FD9619B13D7700B2C370 /* CoreVideo.framework */; };
		C734FD9919B13D8600B2C370 /* CoreMedia.framework in Frameworks */ = {isa = PBXBuildFile; fileRef = C734FD9819B13D8600B2C370 /* CoreMedia.framework */; };
		C734FD9C19B14B8D00B2C370 /* ContentDevVC.m in Sources */ = {isa = PBXBuildFile; fileRef = C734FD9B19B14B8D00B2C370 /* ContentDevVC.m */; };
		C7360E4F19A46D4E002B2DE5 /* Article.m in Sources */ = {isa = PBXBuildFile; fileRef = C7360E4E19A46D4E002B2DE5 /* Article.m */; };
		C7469BF41B4874A600EA7B10 /* Main.storyboard in Resources */ = {isa = PBXBuildFile; fileRef = C7469BF21B4874A600EA7B10 /* Main.storyboard */; };
		C7614F421A247BD100E6AB24 /* VerbatmImageView.m in Sources */ = {isa = PBXBuildFile; fileRef = C7614F411A247BD100E6AB24 /* VerbatmImageView.m */; };
		C7614F441A24993200E6AB24 /* PinchView.xib in Resources */ = {isa = PBXBuildFile; fileRef = C7614F431A24993200E6AB24 /* PinchView.xib */; };
		C772F27F1B4BC13500CEC83D /* GMImagePicker.strings in Resources */ = {isa = PBXBuildFile; fileRef = C772F2661B4BC13500CEC83D /* GMImagePicker.strings */; };
		C772F2801B4BC13500CEC83D /* GMAlbumsViewCell.m in Sources */ = {isa = PBXBuildFile; fileRef = C772F26E1B4BC13500CEC83D /* GMAlbumsViewCell.m */; };
		C772F2811B4BC13500CEC83D /* GMAlbumsViewController.m in Sources */ = {isa = PBXBuildFile; fileRef = C772F2701B4BC13500CEC83D /* GMAlbumsViewController.m */; };
		C772F2821B4BC13500CEC83D /* GMEmptyFolder@1x.png in Resources */ = {isa = PBXBuildFile; fileRef = C772F2711B4BC13500CEC83D /* GMEmptyFolder@1x.png */; };
		C772F2831B4BC13500CEC83D /* GMEmptyFolder@2x.png in Resources */ = {isa = PBXBuildFile; fileRef = C772F2721B4BC13500CEC83D /* GMEmptyFolder@2x.png */; };
		C772F2841B4BC13500CEC83D /* GMGridViewCell.m in Sources */ = {isa = PBXBuildFile; fileRef = C772F2741B4BC13500CEC83D /* GMGridViewCell.m */; };
		C772F2851B4BC13500CEC83D /* GMGridViewController.m in Sources */ = {isa = PBXBuildFile; fileRef = C772F2761B4BC13500CEC83D /* GMGridViewController.m */; };
		C772F2861B4BC13500CEC83D /* GMImagePickerController.m in Sources */ = {isa = PBXBuildFile; fileRef = C772F2781B4BC13500CEC83D /* GMImagePickerController.m */; };
		C772F2871B4BC13500CEC83D /* GMSelected.png in Resources */ = {isa = PBXBuildFile; fileRef = C772F2791B4BC13500CEC83D /* GMSelected.png */; };
		C772F2881B4BC13500CEC83D /* GMSelected@2x.png in Resources */ = {isa = PBXBuildFile; fileRef = C772F27A1B4BC13500CEC83D /* GMSelected@2x.png */; };
		C772F2891B4BC13500CEC83D /* GMVideoIcon.png in Resources */ = {isa = PBXBuildFile; fileRef = C772F27B1B4BC13500CEC83D /* GMVideoIcon.png */; };
		C772F28A1B4BC13500CEC83D /* GMVideoIcon@2x.png in Resources */ = {isa = PBXBuildFile; fileRef = C772F27C1B4BC13500CEC83D /* GMVideoIcon@2x.png */; };
		C774040F19BE6538004C50EA /* Images.xcassets in Resources */ = {isa = PBXBuildFile; fileRef = C774040E19BE6538004C50EA /* Images.xcassets */; };
		C777EEA01AC7F8B6003E0633 /* verbatmArticle_TableViewCell.m in Sources */ = {isa = PBXBuildFile; fileRef = C777EE9F1AC7F8B6003E0633 /* verbatmArticle_TableViewCell.m */; };
		C777EEA61AC90A7A003E0633 /* ArticleAquirer.m in Sources */ = {isa = PBXBuildFile; fileRef = C777EEA51AC90A7A003E0633 /* ArticleAquirer.m */; };
		C777EEAD1AD288A3003E0633 /* ArticleListVC.m in Sources */ = {isa = PBXBuildFile; fileRef = C777EEAC1AD288A3003E0633 /* ArticleListVC.m */; };
		C77A68B11AC0A49B000B10E2 /* VIEW_TESTERViewController.m in Sources */ = {isa = PBXBuildFile; fileRef = C77A68B01AC0A49B000B10E2 /* VIEW_TESTERViewController.m */; };
		C77A68B41AC20AA2000B10E2 /* MultiplePhotoAVE.m in Sources */ = {isa = PBXBuildFile; fileRef = C77A68B31AC20AA2000B10E2 /* MultiplePhotoAVE.m */; };
		C77C7D391A22E9FC00694B20 /* PinchView.m in Sources */ = {isa = PBXBuildFile; fileRef = C77C7D371A22E9FC00694B20 /* PinchView.m */; };
		C78B682419CA6C01003D0AC5 /* VerbatmUITextView.m in Sources */ = {isa = PBXBuildFile; fileRef = C78B681F19CA6C01003D0AC5 /* VerbatmUITextView.m */; };
		C78B682519CA6C01003D0AC5 /* VerbatmScrollView.m in Sources */ = {isa = PBXBuildFile; fileRef = C78B682119CA6C01003D0AC5 /* VerbatmScrollView.m */; };
		C78B682619CA6C01003D0AC5 /* MediaSelectTile.m in Sources */ = {isa = PBXBuildFile; fileRef = C78B682319CA6C01003D0AC5 /* MediaSelectTile.m */; };
		C79747DA1B50B815009077E3 /* Verbatm-Info.plist in Resources */ = {isa = PBXBuildFile; fileRef = C79747D91B50B815009077E3 /* Verbatm-Info.plist */; };
		C7A8A7F319A96E0B00CE861F /* Photo.m in Sources */ = {isa = PBXBuildFile; fileRef = C7A8A7F219A96E0B00CE861F /* Photo.m */; };
		C7A8A7F619A96E1B00CE861F /* Video.m in Sources */ = {isa = PBXBuildFile; fileRef = C7A8A7F519A96E1B00CE861F /* Video.m */; };
		C7A8E3861A61CE4D00776BD1 /* VerbatmPullBarView.m in Sources */ = {isa = PBXBuildFile; fileRef = C7A8E3851A61CE4D00776BD1 /* VerbatmPullBarView.m */; };
		C7A8E3891A61CE7800776BD1 /* VerbatmKeyboardView.m in Sources */ = {isa = PBXBuildFile; fileRef = C7A8E3881A61CE7800776BD1 /* VerbatmKeyboardView.m */; };
		C7A8E38B1A61CE9A00776BD1 /* verbatmCustomKeyboardBard.xib in Resources */ = {isa = PBXBuildFile; fileRef = C7A8E38A1A61CE9A00776BD1 /* verbatmCustomKeyboardBard.xib */; };
		C7BC4376199D97F5004B91A1 /* Foundation.framework in Frameworks */ = {isa = PBXBuildFile; fileRef = C7BC4375199D97F5004B91A1 /* Foundation.framework */; };
		C7BC4378199D97F5004B91A1 /* CoreGraphics.framework in Frameworks */ = {isa = PBXBuildFile; fileRef = C7BC4377199D97F5004B91A1 /* CoreGraphics.framework */; };
		C7BC437A199D97F5004B91A1 /* UIKit.framework in Frameworks */ = {isa = PBXBuildFile; fileRef = C7BC4379199D97F5004B91A1 /* UIKit.framework */; };
		C7BC4380199D97F5004B91A1 /* InfoPlist.strings in Resources */ = {isa = PBXBuildFile; fileRef = C7BC437E199D97F5004B91A1 /* InfoPlist.strings */; };
		C7BC4382199D97F5004B91A1 /* main.m in Sources */ = {isa = PBXBuildFile; fileRef = C7BC4381199D97F5004B91A1 /* main.m */; };
		C7BC4386199D97F5004B91A1 /* verbatmAppDelegate.m in Sources */ = {isa = PBXBuildFile; fileRef = C7BC4385199D97F5004B91A1 /* verbatmAppDelegate.m */; };
		C7BC4395199D97F6004B91A1 /* XCTest.framework in Frameworks */ = {isa = PBXBuildFile; fileRef = C7BC4394199D97F6004B91A1 /* XCTest.framework */; };
		C7BC4396199D97F6004B91A1 /* Foundation.framework in Frameworks */ = {isa = PBXBuildFile; fileRef = C7BC4375199D97F5004B91A1 /* Foundation.framework */; };
		C7BC4397199D97F6004B91A1 /* UIKit.framework in Frameworks */ = {isa = PBXBuildFile; fileRef = C7BC4379199D97F5004B91A1 /* UIKit.framework */; };
		C7BC439F199D97F6004B91A1 /* InfoPlist.strings in Resources */ = {isa = PBXBuildFile; fileRef = C7BC439D199D97F6004B91A1 /* InfoPlist.strings */; };
		C7BC43A1199D97F6004B91A1 /* VerbatmTests.m in Sources */ = {isa = PBXBuildFile; fileRef = C7BC43A0199D97F6004B91A1 /* VerbatmTests.m */; };
		C7BC43AB199EC2C0004B91A1 /* Parse.framework in Frameworks */ = {isa = PBXBuildFile; fileRef = C7BC43AA199EC2C0004B91A1 /* Parse.framework */; };
		C7BC43AD199EC438004B91A1 /* AudioToolbox.framework in Frameworks */ = {isa = PBXBuildFile; fileRef = C7BC43AC199EC438004B91A1 /* AudioToolbox.framework */; };
		C7BC43AF199EC445004B91A1 /* CFNetwork.framework in Frameworks */ = {isa = PBXBuildFile; fileRef = C7BC43AE199EC445004B91A1 /* CFNetwork.framework */; };
		C7BC43B1199EC458004B91A1 /* CoreLocation.framework in Frameworks */ = {isa = PBXBuildFile; fileRef = C7BC43B0199EC458004B91A1 /* CoreLocation.framework */; };
		C7BC43B3199EC471004B91A1 /* libz.dylib in Frameworks */ = {isa = PBXBuildFile; fileRef = C7BC43B2199EC471004B91A1 /* libz.dylib */; };
		C7BC43B5199EC680004B91A1 /* MobileCoreServices.framework in Frameworks */ = {isa = PBXBuildFile; fileRef = C7BC43B4199EC680004B91A1 /* MobileCoreServices.framework */; };
		C7BC43B7199EC68B004B91A1 /* QuartzCore.framework in Frameworks */ = {isa = PBXBuildFile; fileRef = C7BC43B6199EC68B004B91A1 /* QuartzCore.framework */; };
		C7BC43B9199EC696004B91A1 /* Security.framework in Frameworks */ = {isa = PBXBuildFile; fileRef = C7BC43B8199EC696004B91A1 /* Security.framework */; };
		C7BC43BB199EC6A2004B91A1 /* StoreKit.framework in Frameworks */ = {isa = PBXBuildFile; fileRef = C7BC43BA199EC6A2004B91A1 /* StoreKit.framework */; };
		C7BC43BD199EC6AF004B91A1 /* SystemConfiguration.framework in Frameworks */ = {isa = PBXBuildFile; fileRef = C7BC43BC199EC6AF004B91A1 /* SystemConfiguration.framework */; };
		C7BC43C0199F7427004B91A1 /* VerbatmUser.m in Sources */ = {isa = PBXBuildFile; fileRef = C7BC43BF199F7427004B91A1 /* VerbatmUser.m */; };
		C7BD53C41B5B73A700EE6241 /* TextAndOtherAves.m in Sources */ = {isa = PBXBuildFile; fileRef = C7BD53C31B5B73A700EE6241 /* TextAndOtherAves.m */; };
		C7BD53C91B5C1A4C00EE6241 /* verbatmAveTextView.m in Sources */ = {isa = PBXBuildFile; fileRef = C7BD53C81B5C1A4C00EE6241 /* verbatmAveTextView.m */; };
		C7CCFF3C19CE63A800E90080 /* testerAnimation.m in Sources */ = {isa = PBXBuildFile; fileRef = C7CCFF3B19CE63A800E90080 /* testerAnimation.m */; };
		C7CCFF3F19CE657800E90080 /* testerTransitionDelegate.m in Sources */ = {isa = PBXBuildFile; fileRef = C7CCFF3E19CE657800E90080 /* testerTransitionDelegate.m */; };
		C7E6C13F1A4E394600863893 /* MultiplePhotoVideoAVE.m in Sources */ = {isa = PBXBuildFile; fileRef = C7E6C1301A4E394600863893 /* MultiplePhotoVideoAVE.m */; };
		C7E6C1431A4E394600863893 /* TextPhotoAVE.m in Sources */ = {isa = PBXBuildFile; fileRef = C7E6C1381A4E394600863893 /* TextPhotoAVE.m */; };
		C7E6C1451A4E394600863893 /* TextAVE.m in Sources */ = {isa = PBXBuildFile; fileRef = C7E6C13C1A4E394600863893 /* TextAVE.m */; };
		C7E6C1461A4E394600863893 /* VideoAVE.m in Sources */ = {isa = PBXBuildFile; fileRef = C7E6C13E1A4E394600863893 /* VideoAVE.m */; };
		C7EF5BB61B0CD5E500E7915B /* MasterNavigationVC.m in Sources */ = {isa = PBXBuildFile; fileRef = C7EF5BB51B0CD5E500E7915B /* MasterNavigationVC.m */; };
		C7F18D851A05C0EE0002255B /* VerbatmTextField.m in Sources */ = {isa = PBXBuildFile; fileRef = C7F18D841A05C0EE0002255B /* VerbatmTextField.m */; };
		C7F3D46B1A4F84C000B43238 /* UserLoginVC.m in Sources */ = {isa = PBXBuildFile; fileRef = C7F3D46A1A4F84C000B43238 /* UserLoginVC.m */; };
		C7F3D46E1A4F84DF00B43238 /* UserSignUpVC.m in Sources */ = {isa = PBXBuildFile; fileRef = C7F3D46D1A4F84DF00B43238 /* UserSignUpVC.m */; };
		F20A24FA1A46166100BB77C1 /* VerbatmImageScrollView.m in Sources */ = {isa = PBXBuildFile; fileRef = F20A24F91A46166100BB77C1 /* VerbatmImageScrollView.m */; };
		F266F3F11A4A6AE200EA0327 /* Analyzer.m in Sources */ = {isa = PBXBuildFile; fileRef = F266F3F01A4A6AE200EA0327 /* Analyzer.m */; };
		F2964FA41A4FE43300E1DBEC /* Page.m in Sources */ = {isa = PBXBuildFile; fileRef = F2964FA31A4FE43300E1DBEC /* Page.m */; };
/* End PBXBuildFile section */

/* Begin PBXContainerItemProxy section */
		C7BC4398199D97F6004B91A1 /* PBXContainerItemProxy */ = {
			isa = PBXContainerItemProxy;
			containerPortal = C7BC436A199D97F5004B91A1 /* Project object */;
			proxyType = 1;
			remoteGlobalIDString = C7BC4371199D97F5004B91A1;
			remoteInfo = Verbatm;
		};
/* End PBXContainerItemProxy section */

/* Begin PBXFileReference section */
		9D29995619BA7EBD005EBC8A /* MediaSessionManager.h */ = {isa = PBXFileReference; fileEncoding = 4; lastKnownFileType = sourcecode.c.h; path = MediaSessionManager.h; sourceTree = "<group>"; };
		9D29995719BA7EBD005EBC8A /* MediaSessionManager.m */ = {isa = PBXFileReference; fileEncoding = 4; lastKnownFileType = sourcecode.c.objc; path = MediaSessionManager.m; sourceTree = "<group>"; };
		9D29995919BA9042005EBC8A /* MediaDevVC.h */ = {isa = PBXFileReference; fileEncoding = 4; lastKnownFileType = sourcecode.c.h; path = MediaDevVC.h; sourceTree = "<group>"; };
		9D29995A19BA9042005EBC8A /* MediaDevVC.m */ = {isa = PBXFileReference; fileEncoding = 4; lastKnownFileType = sourcecode.c.objc; path = MediaDevVC.m; sourceTree = "<group>"; };
		A562D50C1B506D2800F566F4 /* VideoPlayerView.m */ = {isa = PBXFileReference; fileEncoding = 4; lastKnownFileType = sourcecode.c.objc; path = VideoPlayerView.m; sourceTree = "<group>"; };
		A562D50E1B506D4500F566F4 /* VideoPlayerView.h */ = {isa = PBXFileReference; lastKnownFileType = sourcecode.c.h; path = VideoPlayerView.h; sourceTree = "<group>"; };
		A57A92FD1B55A551006C2597 /* CameraFocusSquare.h */ = {isa = PBXFileReference; fileEncoding = 4; lastKnownFileType = sourcecode.c.h; path = CameraFocusSquare.h; sourceTree = "<group>"; };
		A57A92FE1B55A551006C2597 /* CameraFocusSquare.m */ = {isa = PBXFileReference; fileEncoding = 4; lastKnownFileType = sourcecode.c.objc; path = CameraFocusSquare.m; sourceTree = "<group>"; };
		A57A93031B55E835006C2597 /* VerbatmCameraView.h */ = {isa = PBXFileReference; fileEncoding = 4; lastKnownFileType = sourcecode.c.h; path = VerbatmCameraView.h; sourceTree = "<group>"; };
		A57A93041B55E835006C2597 /* VerbatmCameraView.m */ = {isa = PBXFileReference; fileEncoding = 4; lastKnownFileType = sourcecode.c.objc; path = VerbatmCameraView.m; sourceTree = "<group>"; };
		A57A93061B55E95B006C2597 /* VerbatmCameraView.xib */ = {isa = PBXFileReference; fileEncoding = 4; lastKnownFileType = file.xib; path = VerbatmCameraView.xib; sourceTree = "<group>"; };
		A5B3448F1B4DE18B0074B4AA /* MultiplePhotoAVE.xib */ = {isa = PBXFileReference; fileEncoding = 4; lastKnownFileType = file.xib; path = MultiplePhotoAVE.xib; sourceTree = "<group>"; };
		A5B344951B4DE72F0074B4AA /* MultiplePhotoVideoAVE.xib */ = {isa = PBXFileReference; fileEncoding = 4; lastKnownFileType = file.xib; path = MultiplePhotoVideoAVE.xib; sourceTree = "<group>"; };
		A5CB82A11B5740A000195A2E /* UIEffects.h */ = {isa = PBXFileReference; fileEncoding = 4; lastKnownFileType = sourcecode.c.h; path = UIEffects.h; sourceTree = "<group>"; };
		A5CB82A21B5740A000195A2E /* UIEffects.m */ = {isa = PBXFileReference; fileEncoding = 4; lastKnownFileType = sourcecode.c.objc; path = UIEffects.m; sourceTree = "<group>"; };
		C702DE6E1B315CDF00EE2B00 /* ArticleDisplayVC.h */ = {isa = PBXFileReference; fileEncoding = 4; lastKnownFileType = sourcecode.c.h; path = ArticleDisplayVC.h; sourceTree = "<group>"; };
		C702DE6F1B315CDF00EE2B00 /* ArticleDisplayVC.m */ = {isa = PBXFileReference; fileEncoding = 4; lastKnownFileType = sourcecode.c.objc; path = ArticleDisplayVC.m; sourceTree = "<group>"; };
		C716A5B019E0CA3500A5490B /* DashLineView.h */ = {isa = PBXFileReference; fileEncoding = 4; lastKnownFileType = sourcecode.c.h; path = DashLineView.h; sourceTree = "<group>"; };
		C716A5B119E0CA3500A5490B /* DashLineView.m */ = {isa = PBXFileReference; fileEncoding = 4; lastKnownFileType = sourcecode.c.objc; path = DashLineView.m; sourceTree = "<group>"; };
		C734FD9419B13D5F00B2C370 /* ImageIO.framework */ = {isa = PBXFileReference; lastKnownFileType = wrapper.framework; name = ImageIO.framework; path = System/Library/Frameworks/ImageIO.framework; sourceTree = SDKROOT; };
		C734FD9619B13D7700B2C370 /* CoreVideo.framework */ = {isa = PBXFileReference; lastKnownFileType = wrapper.framework; name = CoreVideo.framework; path = System/Library/Frameworks/CoreVideo.framework; sourceTree = SDKROOT; };
		C734FD9819B13D8600B2C370 /* CoreMedia.framework */ = {isa = PBXFileReference; lastKnownFileType = wrapper.framework; name = CoreMedia.framework; path = System/Library/Frameworks/CoreMedia.framework; sourceTree = SDKROOT; };
		C734FD9A19B14B8D00B2C370 /* ContentDevVC.h */ = {isa = PBXFileReference; fileEncoding = 4; lastKnownFileType = sourcecode.c.h; path = ContentDevVC.h; sourceTree = "<group>"; };
		C734FD9B19B14B8D00B2C370 /* ContentDevVC.m */ = {isa = PBXFileReference; fileEncoding = 4; lastKnownFileType = sourcecode.c.objc; path = ContentDevVC.m; sourceTree = "<group>"; };
		C7360E4D19A46D4E002B2DE5 /* Article.h */ = {isa = PBXFileReference; fileEncoding = 4; lastKnownFileType = sourcecode.c.h; path = Article.h; sourceTree = "<group>"; };
		C7360E4E19A46D4E002B2DE5 /* Article.m */ = {isa = PBXFileReference; fileEncoding = 4; lastKnownFileType = sourcecode.c.objc; path = Article.m; sourceTree = "<group>"; };
		C7469BF31B4874A600EA7B10 /* Base */ = {isa = PBXFileReference; lastKnownFileType = file.storyboard; name = Base; path = Base.lproj/Main.storyboard; sourceTree = "<group>"; };
		C7614F401A247BD100E6AB24 /* VerbatmImageView.h */ = {isa = PBXFileReference; fileEncoding = 4; lastKnownFileType = sourcecode.c.h; path = VerbatmImageView.h; sourceTree = "<group>"; };
		C7614F411A247BD100E6AB24 /* VerbatmImageView.m */ = {isa = PBXFileReference; fileEncoding = 4; lastKnownFileType = sourcecode.c.objc; path = VerbatmImageView.m; sourceTree = "<group>"; };
		C7614F431A24993200E6AB24 /* PinchView.xib */ = {isa = PBXFileReference; fileEncoding = 4; lastKnownFileType = file.xib; path = PinchView.xib; sourceTree = "<group>"; };
		C772F2671B4BC13500CEC83D /* Base */ = {isa = PBXFileReference; lastKnownFileType = text.plist.strings; name = Base; path = Base.lproj/GMImagePicker.strings; sourceTree = "<group>"; };
		C772F2681B4BC13500CEC83D /* ca */ = {isa = PBXFileReference; lastKnownFileType = text.plist.strings; name = ca; path = ca.lproj/GMImagePicker.strings; sourceTree = "<group>"; };
		C772F2691B4BC13500CEC83D /* de */ = {isa = PBXFileReference; lastKnownFileType = text.plist.strings; name = de; path = de.lproj/GMImagePicker.strings; sourceTree = "<group>"; };
		C772F26A1B4BC13500CEC83D /* en */ = {isa = PBXFileReference; lastKnownFileType = text.plist.strings; name = en; path = en.lproj/GMImagePicker.strings; sourceTree = "<group>"; };
		C772F26B1B4BC13500CEC83D /* es */ = {isa = PBXFileReference; lastKnownFileType = text.plist.strings; name = es; path = es.lproj/GMImagePicker.strings; sourceTree = "<group>"; };
		C772F26C1B4BC13500CEC83D /* fr */ = {isa = PBXFileReference; lastKnownFileType = text.plist.strings; name = fr; path = fr.lproj/GMImagePicker.strings; sourceTree = "<group>"; };
		C772F26D1B4BC13500CEC83D /* GMAlbumsViewCell.h */ = {isa = PBXFileReference; fileEncoding = 4; lastKnownFileType = sourcecode.c.h; path = GMAlbumsViewCell.h; sourceTree = "<group>"; };
		C772F26E1B4BC13500CEC83D /* GMAlbumsViewCell.m */ = {isa = PBXFileReference; fileEncoding = 4; lastKnownFileType = sourcecode.c.objc; path = GMAlbumsViewCell.m; sourceTree = "<group>"; };
		C772F26F1B4BC13500CEC83D /* GMAlbumsViewController.h */ = {isa = PBXFileReference; fileEncoding = 4; lastKnownFileType = sourcecode.c.h; path = GMAlbumsViewController.h; sourceTree = "<group>"; };
		C772F2701B4BC13500CEC83D /* GMAlbumsViewController.m */ = {isa = PBXFileReference; fileEncoding = 4; lastKnownFileType = sourcecode.c.objc; path = GMAlbumsViewController.m; sourceTree = "<group>"; };
		C772F2711B4BC13500CEC83D /* GMEmptyFolder@1x.png */ = {isa = PBXFileReference; lastKnownFileType = image.png; path = "GMEmptyFolder@1x.png"; sourceTree = "<group>"; };
		C772F2721B4BC13500CEC83D /* GMEmptyFolder@2x.png */ = {isa = PBXFileReference; lastKnownFileType = image.png; path = "GMEmptyFolder@2x.png"; sourceTree = "<group>"; };
		C772F2731B4BC13500CEC83D /* GMGridViewCell.h */ = {isa = PBXFileReference; fileEncoding = 4; lastKnownFileType = sourcecode.c.h; path = GMGridViewCell.h; sourceTree = "<group>"; };
		C772F2741B4BC13500CEC83D /* GMGridViewCell.m */ = {isa = PBXFileReference; fileEncoding = 4; lastKnownFileType = sourcecode.c.objc; path = GMGridViewCell.m; sourceTree = "<group>"; };
		C772F2751B4BC13500CEC83D /* GMGridViewController.h */ = {isa = PBXFileReference; fileEncoding = 4; lastKnownFileType = sourcecode.c.h; path = GMGridViewController.h; sourceTree = "<group>"; };
		C772F2761B4BC13500CEC83D /* GMGridViewController.m */ = {isa = PBXFileReference; fileEncoding = 4; lastKnownFileType = sourcecode.c.objc; path = GMGridViewController.m; sourceTree = "<group>"; };
		C772F2771B4BC13500CEC83D /* GMImagePickerController.h */ = {isa = PBXFileReference; fileEncoding = 4; lastKnownFileType = sourcecode.c.h; path = GMImagePickerController.h; sourceTree = "<group>"; };
		C772F2781B4BC13500CEC83D /* GMImagePickerController.m */ = {isa = PBXFileReference; fileEncoding = 4; lastKnownFileType = sourcecode.c.objc; path = GMImagePickerController.m; sourceTree = "<group>"; };
		C772F2791B4BC13500CEC83D /* GMSelected.png */ = {isa = PBXFileReference; lastKnownFileType = image.png; path = GMSelected.png; sourceTree = "<group>"; };
		C772F27A1B4BC13500CEC83D /* GMSelected@2x.png */ = {isa = PBXFileReference; lastKnownFileType = image.png; path = "GMSelected@2x.png"; sourceTree = "<group>"; };
		C772F27B1B4BC13500CEC83D /* GMVideoIcon.png */ = {isa = PBXFileReference; lastKnownFileType = image.png; path = GMVideoIcon.png; sourceTree = "<group>"; };
		C772F27C1B4BC13500CEC83D /* GMVideoIcon@2x.png */ = {isa = PBXFileReference; lastKnownFileType = image.png; path = "GMVideoIcon@2x.png"; sourceTree = "<group>"; };
		C772F27D1B4BC13500CEC83D /* it */ = {isa = PBXFileReference; lastKnownFileType = text.plist.strings; name = it; path = it.lproj/GMImagePicker.strings; sourceTree = "<group>"; };
		C772F27E1B4BC13500CEC83D /* pt */ = {isa = PBXFileReference; lastKnownFileType = text.plist.strings; name = pt; path = pt.lproj/GMImagePicker.strings; sourceTree = "<group>"; };
		C774040E19BE6538004C50EA /* Images.xcassets */ = {isa = PBXFileReference; lastKnownFileType = folder.assetcatalog; path = Images.xcassets; sourceTree = "<group>"; };
		C777EE9E1AC7F8B6003E0633 /* verbatmArticle_TableViewCell.h */ = {isa = PBXFileReference; fileEncoding = 4; lastKnownFileType = sourcecode.c.h; path = verbatmArticle_TableViewCell.h; sourceTree = "<group>"; };
		C777EE9F1AC7F8B6003E0633 /* verbatmArticle_TableViewCell.m */ = {isa = PBXFileReference; fileEncoding = 4; lastKnownFileType = sourcecode.c.objc; path = verbatmArticle_TableViewCell.m; sourceTree = "<group>"; };
		C777EEA41AC90A7A003E0633 /* ArticleAquirer.h */ = {isa = PBXFileReference; fileEncoding = 4; lastKnownFileType = sourcecode.c.h; path = ArticleAquirer.h; sourceTree = "<group>"; };
		C777EEA51AC90A7A003E0633 /* ArticleAquirer.m */ = {isa = PBXFileReference; fileEncoding = 4; lastKnownFileType = sourcecode.c.objc; path = ArticleAquirer.m; sourceTree = "<group>"; };
		C777EEAB1AD288A3003E0633 /* ArticleListVC.h */ = {isa = PBXFileReference; fileEncoding = 4; lastKnownFileType = sourcecode.c.h; path = ArticleListVC.h; sourceTree = "<group>"; };
		C777EEAC1AD288A3003E0633 /* ArticleListVC.m */ = {isa = PBXFileReference; fileEncoding = 4; lastKnownFileType = sourcecode.c.objc; path = ArticleListVC.m; sourceTree = "<group>"; };
		C77A68AF1AC0A49B000B10E2 /* VIEW_TESTERViewController.h */ = {isa = PBXFileReference; fileEncoding = 4; lastKnownFileType = sourcecode.c.h; path = VIEW_TESTERViewController.h; sourceTree = "<group>"; };
		C77A68B01AC0A49B000B10E2 /* VIEW_TESTERViewController.m */ = {isa = PBXFileReference; fileEncoding = 4; lastKnownFileType = sourcecode.c.objc; path = VIEW_TESTERViewController.m; sourceTree = "<group>"; };
		C77A68B21AC20AA2000B10E2 /* MultiplePhotoAVE.h */ = {isa = PBXFileReference; fileEncoding = 4; lastKnownFileType = sourcecode.c.h; path = MultiplePhotoAVE.h; sourceTree = "<group>"; };
		C77A68B31AC20AA2000B10E2 /* MultiplePhotoAVE.m */ = {isa = PBXFileReference; fileEncoding = 4; lastKnownFileType = sourcecode.c.objc; path = MultiplePhotoAVE.m; sourceTree = "<group>"; };
		C77C7D361A22E9FC00694B20 /* PinchView.h */ = {isa = PBXFileReference; fileEncoding = 4; lastKnownFileType = sourcecode.c.h; path = PinchView.h; sourceTree = "<group>"; };
		C77C7D371A22E9FC00694B20 /* PinchView.m */ = {isa = PBXFileReference; fileEncoding = 4; lastKnownFileType = sourcecode.c.objc; path = PinchView.m; sourceTree = "<group>"; };
		C78B681E19CA6C01003D0AC5 /* VerbatmUITextView.h */ = {isa = PBXFileReference; fileEncoding = 4; lastKnownFileType = sourcecode.c.h; path = VerbatmUITextView.h; sourceTree = "<group>"; };
		C78B681F19CA6C01003D0AC5 /* VerbatmUITextView.m */ = {isa = PBXFileReference; fileEncoding = 4; lastKnownFileType = sourcecode.c.objc; path = VerbatmUITextView.m; sourceTree = "<group>"; };
		C78B682019CA6C01003D0AC5 /* VerbatmScrollView.h */ = {isa = PBXFileReference; fileEncoding = 4; lastKnownFileType = sourcecode.c.h; path = VerbatmScrollView.h; sourceTree = "<group>"; };
		C78B682119CA6C01003D0AC5 /* VerbatmScrollView.m */ = {isa = PBXFileReference; fileEncoding = 4; lastKnownFileType = sourcecode.c.objc; path = VerbatmScrollView.m; sourceTree = "<group>"; };
		C78B682219CA6C01003D0AC5 /* MediaSelectTile.h */ = {isa = PBXFileReference; fileEncoding = 4; lastKnownFileType = sourcecode.c.h; path = MediaSelectTile.h; sourceTree = "<group>"; };
		C78B682319CA6C01003D0AC5 /* MediaSelectTile.m */ = {isa = PBXFileReference; fileEncoding = 4; lastKnownFileType = sourcecode.c.objc; path = MediaSelectTile.m; sourceTree = "<group>"; };
		C79747D91B50B815009077E3 /* Verbatm-Info.plist */ = {isa = PBXFileReference; fileEncoding = 4; lastKnownFileType = text.plist.xml; path = "Verbatm-Info.plist"; sourceTree = "<group>"; };
		C7A8A7F119A96E0B00CE861F /* Photo.h */ = {isa = PBXFileReference; fileEncoding = 4; lastKnownFileType = sourcecode.c.h; path = Photo.h; sourceTree = "<group>"; };
		C7A8A7F219A96E0B00CE861F /* Photo.m */ = {isa = PBXFileReference; fileEncoding = 4; lastKnownFileType = sourcecode.c.objc; path = Photo.m; sourceTree = "<group>"; };
		C7A8A7F419A96E1B00CE861F /* Video.h */ = {isa = PBXFileReference; fileEncoding = 4; lastKnownFileType = sourcecode.c.h; path = Video.h; sourceTree = "<group>"; };
		C7A8A7F519A96E1B00CE861F /* Video.m */ = {isa = PBXFileReference; fileEncoding = 4; lastKnownFileType = sourcecode.c.objc; path = Video.m; sourceTree = "<group>"; };
		C7A8E3841A61CE4D00776BD1 /* VerbatmPullBarView.h */ = {isa = PBXFileReference; fileEncoding = 4; lastKnownFileType = sourcecode.c.h; name = VerbatmPullBarView.h; path = ../VerbatmPullBarView.h; sourceTree = "<group>"; };
		C7A8E3851A61CE4D00776BD1 /* VerbatmPullBarView.m */ = {isa = PBXFileReference; fileEncoding = 4; lastKnownFileType = sourcecode.c.objc; name = VerbatmPullBarView.m; path = ../VerbatmPullBarView.m; sourceTree = "<group>"; };
		C7A8E3871A61CE7800776BD1 /* VerbatmKeyboardView.h */ = {isa = PBXFileReference; fileEncoding = 4; lastKnownFileType = sourcecode.c.h; path = VerbatmKeyboardView.h; sourceTree = "<group>"; };
		C7A8E3881A61CE7800776BD1 /* VerbatmKeyboardView.m */ = {isa = PBXFileReference; fileEncoding = 4; lastKnownFileType = sourcecode.c.objc; path = VerbatmKeyboardView.m; sourceTree = "<group>"; };
		C7A8E38A1A61CE9A00776BD1 /* verbatmCustomKeyboardBard.xib */ = {isa = PBXFileReference; fileEncoding = 4; lastKnownFileType = file.xib; path = verbatmCustomKeyboardBard.xib; sourceTree = "<group>"; };
		C7BC4372199D97F5004B91A1 /* Verbatm.app */ = {isa = PBXFileReference; explicitFileType = wrapper.application; includeInIndex = 0; path = Verbatm.app; sourceTree = BUILT_PRODUCTS_DIR; };
		C7BC4375199D97F5004B91A1 /* Foundation.framework */ = {isa = PBXFileReference; lastKnownFileType = wrapper.framework; name = Foundation.framework; path = System/Library/Frameworks/Foundation.framework; sourceTree = SDKROOT; };
		C7BC4377199D97F5004B91A1 /* CoreGraphics.framework */ = {isa = PBXFileReference; lastKnownFileType = wrapper.framework; name = CoreGraphics.framework; path = System/Library/Frameworks/CoreGraphics.framework; sourceTree = SDKROOT; };
		C7BC4379199D97F5004B91A1 /* UIKit.framework */ = {isa = PBXFileReference; lastKnownFileType = wrapper.framework; name = UIKit.framework; path = System/Library/Frameworks/UIKit.framework; sourceTree = SDKROOT; };
		C7BC437F199D97F5004B91A1 /* en */ = {isa = PBXFileReference; lastKnownFileType = text.plist.strings; name = en; path = en.lproj/InfoPlist.strings; sourceTree = "<group>"; };
		C7BC4381199D97F5004B91A1 /* main.m */ = {isa = PBXFileReference; lastKnownFileType = sourcecode.c.objc; path = main.m; sourceTree = "<group>"; };
		C7BC4383199D97F5004B91A1 /* Verbatm-Prefix.pch */ = {isa = PBXFileReference; lastKnownFileType = sourcecode.c.h; path = "Verbatm-Prefix.pch"; sourceTree = "<group>"; };
		C7BC4384199D97F5004B91A1 /* verbatmAppDelegate.h */ = {isa = PBXFileReference; lastKnownFileType = sourcecode.c.h; path = verbatmAppDelegate.h; sourceTree = "<group>"; };
		C7BC4385199D97F5004B91A1 /* verbatmAppDelegate.m */ = {isa = PBXFileReference; lastKnownFileType = sourcecode.c.objc; path = verbatmAppDelegate.m; sourceTree = "<group>"; };
		C7BC4393199D97F6004B91A1 /* VerbatmTests.xctest */ = {isa = PBXFileReference; explicitFileType = wrapper.cfbundle; includeInIndex = 0; path = VerbatmTests.xctest; sourceTree = BUILT_PRODUCTS_DIR; };
		C7BC4394199D97F6004B91A1 /* XCTest.framework */ = {isa = PBXFileReference; lastKnownFileType = wrapper.framework; name = XCTest.framework; path = Library/Frameworks/XCTest.framework; sourceTree = DEVELOPER_DIR; };
		C7BC439C199D97F6004B91A1 /* VerbatmTests-Info.plist */ = {isa = PBXFileReference; lastKnownFileType = text.plist.xml; path = "VerbatmTests-Info.plist"; sourceTree = "<group>"; };
		C7BC439E199D97F6004B91A1 /* en */ = {isa = PBXFileReference; lastKnownFileType = text.plist.strings; name = en; path = en.lproj/InfoPlist.strings; sourceTree = "<group>"; };
		C7BC43A0199D97F6004B91A1 /* VerbatmTests.m */ = {isa = PBXFileReference; lastKnownFileType = sourcecode.c.objc; path = VerbatmTests.m; sourceTree = "<group>"; };
		C7BC43AA199EC2C0004B91A1 /* Parse.framework */ = {isa = PBXFileReference; lastKnownFileType = wrapper.framework; path = Parse.framework; sourceTree = "<group>"; };
		C7BC43AC199EC438004B91A1 /* AudioToolbox.framework */ = {isa = PBXFileReference; lastKnownFileType = wrapper.framework; name = AudioToolbox.framework; path = System/Library/Frameworks/AudioToolbox.framework; sourceTree = SDKROOT; };
		C7BC43AE199EC445004B91A1 /* CFNetwork.framework */ = {isa = PBXFileReference; lastKnownFileType = wrapper.framework; name = CFNetwork.framework; path = System/Library/Frameworks/CFNetwork.framework; sourceTree = SDKROOT; };
		C7BC43B0199EC458004B91A1 /* CoreLocation.framework */ = {isa = PBXFileReference; lastKnownFileType = wrapper.framework; name = CoreLocation.framework; path = System/Library/Frameworks/CoreLocation.framework; sourceTree = SDKROOT; };
		C7BC43B2199EC471004B91A1 /* libz.dylib */ = {isa = PBXFileReference; lastKnownFileType = "compiled.mach-o.dylib"; name = libz.dylib; path = usr/lib/libz.dylib; sourceTree = SDKROOT; };
		C7BC43B4199EC680004B91A1 /* MobileCoreServices.framework */ = {isa = PBXFileReference; lastKnownFileType = wrapper.framework; name = MobileCoreServices.framework; path = System/Library/Frameworks/MobileCoreServices.framework; sourceTree = SDKROOT; };
		C7BC43B6199EC68B004B91A1 /* QuartzCore.framework */ = {isa = PBXFileReference; lastKnownFileType = wrapper.framework; name = QuartzCore.framework; path = System/Library/Frameworks/QuartzCore.framework; sourceTree = SDKROOT; };
		C7BC43B8199EC696004B91A1 /* Security.framework */ = {isa = PBXFileReference; lastKnownFileType = wrapper.framework; name = Security.framework; path = System/Library/Frameworks/Security.framework; sourceTree = SDKROOT; };
		C7BC43BA199EC6A2004B91A1 /* StoreKit.framework */ = {isa = PBXFileReference; lastKnownFileType = wrapper.framework; name = StoreKit.framework; path = System/Library/Frameworks/StoreKit.framework; sourceTree = SDKROOT; };
		C7BC43BC199EC6AF004B91A1 /* SystemConfiguration.framework */ = {isa = PBXFileReference; lastKnownFileType = wrapper.framework; name = SystemConfiguration.framework; path = System/Library/Frameworks/SystemConfiguration.framework; sourceTree = SDKROOT; };
		C7BC43BE199F7427004B91A1 /* VerbatmUser.h */ = {isa = PBXFileReference; fileEncoding = 4; lastKnownFileType = sourcecode.c.h; path = VerbatmUser.h; sourceTree = "<group>"; };
		C7BC43BF199F7427004B91A1 /* VerbatmUser.m */ = {isa = PBXFileReference; fileEncoding = 4; lastKnownFileType = sourcecode.c.objc; path = VerbatmUser.m; sourceTree = "<group>"; };
		C7BD53C21B5B73A700EE6241 /* TextAndOtherAves.h */ = {isa = PBXFileReference; fileEncoding = 4; lastKnownFileType = sourcecode.c.h; path = TextAndOtherAves.h; sourceTree = "<group>"; };
		C7BD53C31B5B73A700EE6241 /* TextAndOtherAves.m */ = {isa = PBXFileReference; fileEncoding = 4; lastKnownFileType = sourcecode.c.objc; path = TextAndOtherAves.m; sourceTree = "<group>"; };
		C7BD53C51B5B787500EE6241 /* constants.h */ = {isa = PBXFileReference; lastKnownFileType = sourcecode.c.h; name = constants.h; path = ../constants.h; sourceTree = "<group>"; };
		C7BD53C71B5C1A4C00EE6241 /* verbatmAveTextView.h */ = {isa = PBXFileReference; fileEncoding = 4; lastKnownFileType = sourcecode.c.h; path = verbatmAveTextView.h; sourceTree = "<group>"; };
		C7BD53C81B5C1A4C00EE6241 /* verbatmAveTextView.m */ = {isa = PBXFileReference; fileEncoding = 4; lastKnownFileType = sourcecode.c.objc; path = verbatmAveTextView.m; sourceTree = "<group>"; };
		C7CCFF3A19CE63A800E90080 /* testerAnimation.h */ = {isa = PBXFileReference; fileEncoding = 4; lastKnownFileType = sourcecode.c.h; path = testerAnimation.h; sourceTree = "<group>"; };
		C7CCFF3B19CE63A800E90080 /* testerAnimation.m */ = {isa = PBXFileReference; fileEncoding = 4; lastKnownFileType = sourcecode.c.objc; path = testerAnimation.m; sourceTree = "<group>"; };
		C7CCFF3D19CE657800E90080 /* testerTransitionDelegate.h */ = {isa = PBXFileReference; fileEncoding = 4; lastKnownFileType = sourcecode.c.h; path = testerTransitionDelegate.h; sourceTree = "<group>"; };
		C7CCFF3E19CE657800E90080 /* testerTransitionDelegate.m */ = {isa = PBXFileReference; fileEncoding = 4; lastKnownFileType = sourcecode.c.objc; path = testerTransitionDelegate.m; sourceTree = "<group>"; };
		C7E6C12F1A4E394600863893 /* MultiplePhotoVideoAVE.h */ = {isa = PBXFileReference; fileEncoding = 4; lastKnownFileType = sourcecode.c.h; path = MultiplePhotoVideoAVE.h; sourceTree = "<group>"; };
		C7E6C1301A4E394600863893 /* MultiplePhotoVideoAVE.m */ = {isa = PBXFileReference; fileEncoding = 4; lastKnownFileType = sourcecode.c.objc; path = MultiplePhotoVideoAVE.m; sourceTree = "<group>"; };
		C7E6C1371A4E394600863893 /* TextPhotoAVE.h */ = {isa = PBXFileReference; fileEncoding = 4; lastKnownFileType = sourcecode.c.h; path = TextPhotoAVE.h; sourceTree = "<group>"; };
		C7E6C1381A4E394600863893 /* TextPhotoAVE.m */ = {isa = PBXFileReference; fileEncoding = 4; lastKnownFileType = sourcecode.c.objc; path = TextPhotoAVE.m; sourceTree = "<group>"; };
		C7E6C13B1A4E394600863893 /* TextAVE.h */ = {isa = PBXFileReference; fileEncoding = 4; lastKnownFileType = sourcecode.c.h; path = TextAVE.h; sourceTree = "<group>"; };
		C7E6C13C1A4E394600863893 /* TextAVE.m */ = {isa = PBXFileReference; fileEncoding = 4; lastKnownFileType = sourcecode.c.objc; path = TextAVE.m; sourceTree = "<group>"; };
		C7E6C13D1A4E394600863893 /* VideoAVE.h */ = {isa = PBXFileReference; fileEncoding = 4; lastKnownFileType = sourcecode.c.h; path = VideoAVE.h; sourceTree = "<group>"; };
		C7E6C13E1A4E394600863893 /* VideoAVE.m */ = {isa = PBXFileReference; fileEncoding = 4; lastKnownFileType = sourcecode.c.objc; path = VideoAVE.m; sourceTree = "<group>"; };
		C7EF5BB41B0CD5E500E7915B /* MasterNavigationVC.h */ = {isa = PBXFileReference; fileEncoding = 4; lastKnownFileType = sourcecode.c.h; path = MasterNavigationVC.h; sourceTree = "<group>"; };
		C7EF5BB51B0CD5E500E7915B /* MasterNavigationVC.m */ = {isa = PBXFileReference; fileEncoding = 4; lastKnownFileType = sourcecode.c.objc; path = MasterNavigationVC.m; sourceTree = "<group>"; };
		C7F18D831A05C0EE0002255B /* VerbatmTextField.h */ = {isa = PBXFileReference; fileEncoding = 4; lastKnownFileType = sourcecode.c.h; path = VerbatmTextField.h; sourceTree = "<group>"; };
		C7F18D841A05C0EE0002255B /* VerbatmTextField.m */ = {isa = PBXFileReference; fileEncoding = 4; lastKnownFileType = sourcecode.c.objc; path = VerbatmTextField.m; sourceTree = "<group>"; };
		C7F3D4691A4F84C000B43238 /* UserLoginVC.h */ = {isa = PBXFileReference; fileEncoding = 4; lastKnownFileType = sourcecode.c.h; path = UserLoginVC.h; sourceTree = "<group>"; };
		C7F3D46A1A4F84C000B43238 /* UserLoginVC.m */ = {isa = PBXFileReference; fileEncoding = 4; lastKnownFileType = sourcecode.c.objc; path = UserLoginVC.m; sourceTree = "<group>"; };
		C7F3D46C1A4F84DF00B43238 /* UserSignUpVC.h */ = {isa = PBXFileReference; fileEncoding = 4; lastKnownFileType = sourcecode.c.h; path = UserSignUpVC.h; sourceTree = "<group>"; };
		C7F3D46D1A4F84DF00B43238 /* UserSignUpVC.m */ = {isa = PBXFileReference; fileEncoding = 4; lastKnownFileType = sourcecode.c.objc; path = UserSignUpVC.m; sourceTree = "<group>"; };
		F20A24F81A46166100BB77C1 /* VerbatmImageScrollView.h */ = {isa = PBXFileReference; fileEncoding = 4; lastKnownFileType = sourcecode.c.h; path = VerbatmImageScrollView.h; sourceTree = "<group>"; };
		F20A24F91A46166100BB77C1 /* VerbatmImageScrollView.m */ = {isa = PBXFileReference; fileEncoding = 4; lastKnownFileType = sourcecode.c.objc; path = VerbatmImageScrollView.m; sourceTree = "<group>"; };
		F266F3EF1A4A6AE200EA0327 /* Analyzer.h */ = {isa = PBXFileReference; fileEncoding = 4; lastKnownFileType = sourcecode.c.h; path = Analyzer.h; sourceTree = "<group>"; };
		F266F3F01A4A6AE200EA0327 /* Analyzer.m */ = {isa = PBXFileReference; fileEncoding = 4; lastKnownFileType = sourcecode.c.objc; path = Analyzer.m; sourceTree = "<group>"; };
		F2964FA21A4FE43300E1DBEC /* Page.h */ = {isa = PBXFileReference; fileEncoding = 4; lastKnownFileType = sourcecode.c.h; path = Page.h; sourceTree = "<group>"; };
		F2964FA31A4FE43300E1DBEC /* Page.m */ = {isa = PBXFileReference; fileEncoding = 4; lastKnownFileType = sourcecode.c.objc; path = Page.m; sourceTree = "<group>"; };
/* End PBXFileReference section */

/* Begin PBXFrameworksBuildPhase section */
		C7BC436F199D97F5004B91A1 /* Frameworks */ = {
			isa = PBXFrameworksBuildPhase;
			buildActionMask = 2147483647;
			files = (
				C734FD9919B13D8600B2C370 /* CoreMedia.framework in Frameworks */,
				C734FD9719B13D7700B2C370 /* CoreVideo.framework in Frameworks */,
				C734FD9519B13D5F00B2C370 /* ImageIO.framework in Frameworks */,
				C7BC43BD199EC6AF004B91A1 /* SystemConfiguration.framework in Frameworks */,
				C7BC43BB199EC6A2004B91A1 /* StoreKit.framework in Frameworks */,
				C7BC43B9199EC696004B91A1 /* Security.framework in Frameworks */,
				C7BC43B7199EC68B004B91A1 /* QuartzCore.framework in Frameworks */,
				C7BC43B5199EC680004B91A1 /* MobileCoreServices.framework in Frameworks */,
				C7BC43B3199EC471004B91A1 /* libz.dylib in Frameworks */,
				C7BC43B1199EC458004B91A1 /* CoreLocation.framework in Frameworks */,
				C7BC4378199D97F5004B91A1 /* CoreGraphics.framework in Frameworks */,
				C7BC43AF199EC445004B91A1 /* CFNetwork.framework in Frameworks */,
				C7BC43AD199EC438004B91A1 /* AudioToolbox.framework in Frameworks */,
				C7BC437A199D97F5004B91A1 /* UIKit.framework in Frameworks */,
				C7BC43AB199EC2C0004B91A1 /* Parse.framework in Frameworks */,
				C7BC4376199D97F5004B91A1 /* Foundation.framework in Frameworks */,
			);
			runOnlyForDeploymentPostprocessing = 0;
		};
		C7BC4390199D97F6004B91A1 /* Frameworks */ = {
			isa = PBXFrameworksBuildPhase;
			buildActionMask = 2147483647;
			files = (
				C7BC4395199D97F6004B91A1 /* XCTest.framework in Frameworks */,
				C7BC4397199D97F6004B91A1 /* UIKit.framework in Frameworks */,
				C7BC4396199D97F6004B91A1 /* Foundation.framework in Frameworks */,
			);
			runOnlyForDeploymentPostprocessing = 0;
		};
/* End PBXFrameworksBuildPhase section */

/* Begin PBXGroup section */
		A5CB82A41B5744B800195A2E /* UI effects */ = {
			isa = PBXGroup;
			children = (
				A5CB82A11B5740A000195A2E /* UIEffects.h */,
				A5CB82A21B5740A000195A2E /* UIEffects.m */,
			);
			name = "UI effects";
			sourceTree = "<group>";
		};
		C74883691B488C5000E64ED9 /* Other Custom Views */ = {
			isa = PBXGroup;
			children = (
				A57A93031B55E835006C2597 /* VerbatmCameraView.h */,
				A57A93041B55E835006C2597 /* VerbatmCameraView.m */,
				A57A93061B55E95B006C2597 /* VerbatmCameraView.xib */,
				A57A92FD1B55A551006C2597 /* CameraFocusSquare.h */,
				A57A92FE1B55A551006C2597 /* CameraFocusSquare.m */,
				A562D50C1B506D2800F566F4 /* VideoPlayerView.m */,
				A562D50E1B506D4500F566F4 /* VideoPlayerView.h */,
				C7A8E3841A61CE4D00776BD1 /* VerbatmPullBarView.h */,
				C7A8E3851A61CE4D00776BD1 /* VerbatmPullBarView.m */,
				C7A8E38A1A61CE9A00776BD1 /* verbatmCustomKeyboardBard.xib */,
				C7A8E3871A61CE7800776BD1 /* VerbatmKeyboardView.h */,
				C7A8E3881A61CE7800776BD1 /* VerbatmKeyboardView.m */,
				C7614F401A247BD100E6AB24 /* VerbatmImageView.h */,
				C7614F411A247BD100E6AB24 /* VerbatmImageView.m */,
				C748836B1B48A9E200E64ED9 /* Pinch Views */,
				C78B681E19CA6C01003D0AC5 /* VerbatmUITextView.h */,
				C78B681F19CA6C01003D0AC5 /* VerbatmUITextView.m */,
				C78B682019CA6C01003D0AC5 /* VerbatmScrollView.h */,
				C78B682119CA6C01003D0AC5 /* VerbatmScrollView.m */,
				C78B682219CA6C01003D0AC5 /* MediaSelectTile.h */,
				C78B682319CA6C01003D0AC5 /* MediaSelectTile.m */,
				C716A5B019E0CA3500A5490B /* DashLineView.h */,
				C716A5B119E0CA3500A5490B /* DashLineView.m */,
				F20A24F81A46166100BB77C1 /* VerbatmImageScrollView.h */,
				F20A24F91A46166100BB77C1 /* VerbatmImageScrollView.m */,
			);
			name = "Other Custom Views";
			sourceTree = "<group>";
		};
		C748836A1B489AE300E64ED9 /* Gallery */ = {
			isa = PBXGroup;
			children = (
				C772F2651B4BC13500CEC83D /* GMImagePicker */,
			);
			name = Gallery;
			sourceTree = "<group>";
		};
		C748836B1B48A9E200E64ED9 /* Pinch Views */ = {
			isa = PBXGroup;
			children = (
				C7614F431A24993200E6AB24 /* PinchView.xib */,
				C77C7D361A22E9FC00694B20 /* PinchView.h */,
				C77C7D371A22E9FC00694B20 /* PinchView.m */,
			);
			name = "Pinch Views";
			sourceTree = "<group>";
		};
		C750A35919D768BD0006FA88 /* Video Capture Classes */ = {
			isa = PBXGroup;
			children = (
				9D29995619BA7EBD005EBC8A /* MediaSessionManager.h */,
				9D29995719BA7EBD005EBC8A /* MediaSessionManager.m */,
			);
			name = "Video Capture Classes";
			sourceTree = "<group>";
		};
		C772F2651B4BC13500CEC83D /* GMImagePicker */ = {
			isa = PBXGroup;
			children = (
				C772F2661B4BC13500CEC83D /* GMImagePicker.strings */,
				C772F26D1B4BC13500CEC83D /* GMAlbumsViewCell.h */,
				C772F26E1B4BC13500CEC83D /* GMAlbumsViewCell.m */,
				C772F26F1B4BC13500CEC83D /* GMAlbumsViewController.h */,
				C772F2701B4BC13500CEC83D /* GMAlbumsViewController.m */,
				C772F2711B4BC13500CEC83D /* GMEmptyFolder@1x.png */,
				C772F2721B4BC13500CEC83D /* GMEmptyFolder@2x.png */,
				C772F2731B4BC13500CEC83D /* GMGridViewCell.h */,
				C772F2741B4BC13500CEC83D /* GMGridViewCell.m */,
				C772F2751B4BC13500CEC83D /* GMGridViewController.h */,
				C772F2761B4BC13500CEC83D /* GMGridViewController.m */,
				C772F2771B4BC13500CEC83D /* GMImagePickerController.h */,
				C772F2781B4BC13500CEC83D /* GMImagePickerController.m */,
				C772F2791B4BC13500CEC83D /* GMSelected.png */,
				C772F27A1B4BC13500CEC83D /* GMSelected@2x.png */,
				C772F27B1B4BC13500CEC83D /* GMVideoIcon.png */,
				C772F27C1B4BC13500CEC83D /* GMVideoIcon@2x.png */,
			);
			path = GMImagePicker;
			sourceTree = "<group>";
		};
		C777EEA71AC9180D003E0633 /* AVES that involve text */ = {
			isa = PBXGroup;
			children = (
				C7E6C13B1A4E394600863893 /* TextAVE.h */,
				C7E6C13C1A4E394600863893 /* TextAVE.m */,
				C7E6C1371A4E394600863893 /* TextPhotoAVE.h */,
				C7E6C1381A4E394600863893 /* TextPhotoAVE.m */,
				C7BD53C21B5B73A700EE6241 /* TextAndOtherAves.h */,
				C7BD53C31B5B73A700EE6241 /* TextAndOtherAves.m */,
				C7BD53C71B5C1A4C00EE6241 /* verbatmAveTextView.h */,
				C7BD53C81B5C1A4C00EE6241 /* verbatmAveTextView.m */,
			);
			name = "AVES that involve text";
			sourceTree = "<group>";
		};
		C77A68AE1AC0A47F000B10E2 /* AVE_TESTER */ = {
			isa = PBXGroup;
			children = (
				C77A68AF1AC0A49B000B10E2 /* VIEW_TESTERViewController.h */,
				C77A68B01AC0A49B000B10E2 /* VIEW_TESTERViewController.m */,
			);
			name = AVE_TESTER;
			sourceTree = "<group>";
		};
		C78B681119CA6914003D0AC5 /* View Controllers */ = {
			isa = PBXGroup;
			children = (
				C7469BF21B4874A600EA7B10 /* Main.storyboard */,
				C77A68AE1AC0A47F000B10E2 /* AVE_TESTER */,
				C702DE6E1B315CDF00EE2B00 /* ArticleDisplayVC.h */,
				C702DE6F1B315CDF00EE2B00 /* ArticleDisplayVC.m */,
				C7EF5BB41B0CD5E500E7915B /* MasterNavigationVC.h */,
				C7EF5BB51B0CD5E500E7915B /* MasterNavigationVC.m */,
				C777EEAB1AD288A3003E0633 /* ArticleListVC.h */,
				C777EEAC1AD288A3003E0633 /* ArticleListVC.m */,
				C777EE9E1AC7F8B6003E0633 /* verbatmArticle_TableViewCell.h */,
				C777EE9F1AC7F8B6003E0633 /* verbatmArticle_TableViewCell.m */,
				C7F3D4691A4F84C000B43238 /* UserLoginVC.h */,
				C7F3D46A1A4F84C000B43238 /* UserLoginVC.m */,
				C7F3D46C1A4F84DF00B43238 /* UserSignUpVC.h */,
				C7F3D46D1A4F84DF00B43238 /* UserSignUpVC.m */,
				C734FD9A19B14B8D00B2C370 /* ContentDevVC.h */,
				C734FD9B19B14B8D00B2C370 /* ContentDevVC.m */,
				9D29995919BA9042005EBC8A /* MediaDevVC.h */,
				9D29995A19BA9042005EBC8A /* MediaDevVC.m */,
				C7F18D831A05C0EE0002255B /* VerbatmTextField.h */,
				C7F18D841A05C0EE0002255B /* VerbatmTextField.m */,
			);
			name = "View Controllers";
			sourceTree = "<group>";
		};
		C78B682719CA6C0A003D0AC5 /* Custom Views */ = {
			isa = PBXGroup;
			children = (
				F26894441A43641C00B1D4DB /* AVEs  */,
				C74883691B488C5000E64ED9 /* Other Custom Views */,
			);
			name = "Custom Views";
			sourceTree = "<group>";
		};
		C7B1EC7C1B3CDF53001A4FFC /* Video Aves */ = {
			isa = PBXGroup;
			children = (
				C7E6C12F1A4E394600863893 /* MultiplePhotoVideoAVE.h */,
				C7E6C1301A4E394600863893 /* MultiplePhotoVideoAVE.m */,
				A5B344951B4DE72F0074B4AA /* MultiplePhotoVideoAVE.xib */,
				C7E6C13D1A4E394600863893 /* VideoAVE.h */,
				C7E6C13E1A4E394600863893 /* VideoAVE.m */,
			);
			name = "Video Aves";
			sourceTree = "<group>";
		};
		C7BC4369199D97F5004B91A1 = {
			isa = PBXGroup;
			children = (
				C7BC43AA199EC2C0004B91A1 /* Parse.framework */,
				C7BC437B199D97F5004B91A1 /* Verbatm */,
				C7BC439A199D97F6004B91A1 /* VerbatmTests */,
				C7BC4374199D97F5004B91A1 /* Frameworks */,
				C7BC4373199D97F5004B91A1 /* Products */,
			);
			sourceTree = "<group>";
		};
		C7BC4373199D97F5004B91A1 /* Products */ = {
			isa = PBXGroup;
			children = (
				C7BC4372199D97F5004B91A1 /* Verbatm.app */,
				C7BC4393199D97F6004B91A1 /* VerbatmTests.xctest */,
			);
			name = Products;
			sourceTree = "<group>";
		};
		C7BC4374199D97F5004B91A1 /* Frameworks */ = {
			isa = PBXGroup;
			children = (
				C734FD9819B13D8600B2C370 /* CoreMedia.framework */,
				C734FD9619B13D7700B2C370 /* CoreVideo.framework */,
				C734FD9419B13D5F00B2C370 /* ImageIO.framework */,
				C7BC43BC199EC6AF004B91A1 /* SystemConfiguration.framework */,
				C7BC43BA199EC6A2004B91A1 /* StoreKit.framework */,
				C7BC43B8199EC696004B91A1 /* Security.framework */,
				C7BC43B6199EC68B004B91A1 /* QuartzCore.framework */,
				C7BC43B4199EC680004B91A1 /* MobileCoreServices.framework */,
				C7BC43B2199EC471004B91A1 /* libz.dylib */,
				C7BC43B0199EC458004B91A1 /* CoreLocation.framework */,
				C7BC43AE199EC445004B91A1 /* CFNetwork.framework */,
				C7BC43AC199EC438004B91A1 /* AudioToolbox.framework */,
				C7BC4375199D97F5004B91A1 /* Foundation.framework */,
				C7BC4377199D97F5004B91A1 /* CoreGraphics.framework */,
				C7BC4379199D97F5004B91A1 /* UIKit.framework */,
				C7BC4394199D97F6004B91A1 /* XCTest.framework */,
			);
			name = Frameworks;
			sourceTree = "<group>";
		};
		C7BC437B199D97F5004B91A1 /* Verbatm */ = {
			isa = PBXGroup;
			children = (
				C7BD53C61B5B790B00EE6241 /* constants  */,
				C748836A1B489AE300E64ED9 /* Gallery */,
				A5CB82A41B5744B800195A2E /* UI effects */,
				F257FEC81AC21F8B00964AB5 /* Saving and Downloading */,
				F266F3EE1A4A69F400EA0327 /* Analyzer */,
				C750A35919D768BD0006FA88 /* Video Capture Classes */,
				C7CCFF4019CE6E0F00E90080 /* Transition Animation Managers */,
				C78B682719CA6C0A003D0AC5 /* Custom Views */,
				C78B681119CA6914003D0AC5 /* View Controllers */,
				C774040E19BE6538004C50EA /* Images.xcassets */,
				C7BC43C1199F75D0004B91A1 /* Backend Model */,
				C7BC437C199D97F5004B91A1 /* Supporting Files */,
			);
			path = Verbatm;
			sourceTree = "<group>";
		};
		C7BC437C199D97F5004B91A1 /* Supporting Files */ = {
			isa = PBXGroup;
			children = (
				C7BC4384199D97F5004B91A1 /* verbatmAppDelegate.h */,
				C7BC4385199D97F5004B91A1 /* verbatmAppDelegate.m */,
				C79747D91B50B815009077E3 /* Verbatm-Info.plist */,
				C7BC437E199D97F5004B91A1 /* InfoPlist.strings */,
				C7BC4381199D97F5004B91A1 /* main.m */,
				C7BC4383199D97F5004B91A1 /* Verbatm-Prefix.pch */,
			);
			name = "Supporting Files";
			sourceTree = "<group>";
		};
		C7BC439A199D97F6004B91A1 /* VerbatmTests */ = {
			isa = PBXGroup;
			children = (
				C7BC43A0199D97F6004B91A1 /* VerbatmTests.m */,
				C7BC439B199D97F6004B91A1 /* Supporting Files */,
			);
			path = VerbatmTests;
			sourceTree = "<group>";
		};
		C7BC439B199D97F6004B91A1 /* Supporting Files */ = {
			isa = PBXGroup;
			children = (
				C7BC439C199D97F6004B91A1 /* VerbatmTests-Info.plist */,
				C7BC439D199D97F6004B91A1 /* InfoPlist.strings */,
			);
			name = "Supporting Files";
			sourceTree = "<group>";
		};
		C7BC43C1199F75D0004B91A1 /* Backend Model */ = {
			isa = PBXGroup;
			children = (
				C7BC43BE199F7427004B91A1 /* VerbatmUser.h */,
				C7BC43BF199F7427004B91A1 /* VerbatmUser.m */,
				C7360E4D19A46D4E002B2DE5 /* Article.h */,
				C7360E4E19A46D4E002B2DE5 /* Article.m */,
				C7A8A7F119A96E0B00CE861F /* Photo.h */,
				C7A8A7F219A96E0B00CE861F /* Photo.m */,
				C7A8A7F419A96E1B00CE861F /* Video.h */,
				C7A8A7F519A96E1B00CE861F /* Video.m */,
				F2964FA21A4FE43300E1DBEC /* Page.h */,
				F2964FA31A4FE43300E1DBEC /* Page.m */,
			);
			name = "Backend Model";
			sourceTree = "<group>";
		};
		C7BD53C61B5B790B00EE6241 /* constants  */ = {
			isa = PBXGroup;
			children = (
				C7BD53C51B5B787500EE6241 /* constants.h */,
			);
			name = "constants ";
			sourceTree = "<group>";
		};
		C7CCFF4019CE6E0F00E90080 /* Transition Animation Managers */ = {
			isa = PBXGroup;
			children = (
				C7CCFF3A19CE63A800E90080 /* testerAnimation.h */,
				C7CCFF3B19CE63A800E90080 /* testerAnimation.m */,
				C7CCFF3D19CE657800E90080 /* testerTransitionDelegate.h */,
				C7CCFF3E19CE657800E90080 /* testerTransitionDelegate.m */,
			);
			name = "Transition Animation Managers";
			sourceTree = "<group>";
		};
		F257FEC81AC21F8B00964AB5 /* Saving and Downloading */ = {
			isa = PBXGroup;
			children = (
				C777EEA41AC90A7A003E0633 /* ArticleAquirer.h */,
				C777EEA51AC90A7A003E0633 /* ArticleAquirer.m */,
			);
			name = "Saving and Downloading";
			sourceTree = "<group>";
		};
		F266F3EE1A4A69F400EA0327 /* Analyzer */ = {
			isa = PBXGroup;
			children = (
				F266F3EF1A4A6AE200EA0327 /* Analyzer.h */,
				F266F3F01A4A6AE200EA0327 /* Analyzer.m */,
			);
			name = Analyzer;
			path = ..;
			sourceTree = "<group>";
		};
		F26894441A43641C00B1D4DB /* AVEs  */ = {
			isa = PBXGroup;
			children = (
				C7B1EC7C1B3CDF53001A4FFC /* Video Aves */,
				C777EEA71AC9180D003E0633 /* AVES that involve text */,
				C77A68B21AC20AA2000B10E2 /* MultiplePhotoAVE.h */,
				A5B3448F1B4DE18B0074B4AA /* MultiplePhotoAVE.xib */,
				C77A68B31AC20AA2000B10E2 /* MultiplePhotoAVE.m */,
			);
			name = "AVEs ";
			sourceTree = "<group>";
		};
/* End PBXGroup section */

/* Begin PBXNativeTarget section */
		C7BC4371199D97F5004B91A1 /* Verbatm */ = {
			isa = PBXNativeTarget;
			buildConfigurationList = C7BC43A4199D97F6004B91A1 /* Build configuration list for PBXNativeTarget "Verbatm" */;
			buildPhases = (
				C7BC436E199D97F5004B91A1 /* Sources */,
				C7BC436F199D97F5004B91A1 /* Frameworks */,
				C7BC4370199D97F5004B91A1 /* Resources */,
				A5B8EDEC1B46E1E300932ADE /* ShellScript */,
				C7469BF11B47231A00EA7B10 /* ShellScript */,
			);
			buildRules = (
			);
			dependencies = (
			);
			name = Verbatm;
			productName = Verbatm;
			productReference = C7BC4372199D97F5004B91A1 /* Verbatm.app */;
			productType = "com.apple.product-type.application";
		};
		C7BC4392199D97F6004B91A1 /* VerbatmTests */ = {
			isa = PBXNativeTarget;
			buildConfigurationList = C7BC43A7199D97F6004B91A1 /* Build configuration list for PBXNativeTarget "VerbatmTests" */;
			buildPhases = (
				C7BC438F199D97F6004B91A1 /* Sources */,
				C7BC4390199D97F6004B91A1 /* Frameworks */,
				C7BC4391199D97F6004B91A1 /* Resources */,
			);
			buildRules = (
			);
			dependencies = (
				C7BC4399199D97F6004B91A1 /* PBXTargetDependency */,
			);
			name = VerbatmTests;
			productName = VerbatmTests;
			productReference = C7BC4393199D97F6004B91A1 /* VerbatmTests.xctest */;
			productType = "com.apple.product-type.bundle.unit-test";
		};
/* End PBXNativeTarget section */

/* Begin PBXProject section */
		C7BC436A199D97F5004B91A1 /* Project object */ = {
			isa = PBXProject;
			attributes = {
				CLASSPREFIX = verbatm;
				LastUpgradeCheck = 0700;
				ORGANIZATIONNAME = Verbatm;
				TargetAttributes = {
					C7BC4371199D97F5004B91A1 = {
						DevelopmentTeam = 4ZZL8FZ858;
					};
					C7BC4392199D97F6004B91A1 = {
						DevelopmentTeam = FV58CMSUQ8;
						TestTargetID = C7BC4371199D97F5004B91A1;
					};
				};
			};
			buildConfigurationList = C7BC436D199D97F5004B91A1 /* Build configuration list for PBXProject "Verbatm" */;
			compatibilityVersion = "Xcode 3.2";
			developmentRegion = English;
			hasScannedForEncodings = 0;
			knownRegions = (
				en,
				Base,
				ca,
				de,
				es,
				fr,
				it,
				pt,
			);
			mainGroup = C7BC4369199D97F5004B91A1;
			productRefGroup = C7BC4373199D97F5004B91A1 /* Products */;
			projectDirPath = "";
			projectRoot = "";
			targets = (
				C7BC4371199D97F5004B91A1 /* Verbatm */,
				C7BC4392199D97F6004B91A1 /* VerbatmTests */,
			);
		};
/* End PBXProject section */

/* Begin PBXResourcesBuildPhase section */
		C7BC4370199D97F5004B91A1 /* Resources */ = {
			isa = PBXResourcesBuildPhase;
			buildActionMask = 2147483647;
			files = (
				C772F2871B4BC13500CEC83D /* GMSelected.png in Resources */,
				C7A8E38B1A61CE9A00776BD1 /* verbatmCustomKeyboardBard.xib in Resources */,
				C772F2881B4BC13500CEC83D /* GMSelected@2x.png in Resources */,
				C7469BF41B4874A600EA7B10 /* Main.storyboard in Resources */,
				C772F28A1B4BC13500CEC83D /* GMVideoIcon@2x.png in Resources */,
				C772F27F1B4BC13500CEC83D /* GMImagePicker.strings in Resources */,
				C772F2891B4BC13500CEC83D /* GMVideoIcon.png in Resources */,
				C7614F441A24993200E6AB24 /* PinchView.xib in Resources */,
				A57A93071B55E95B006C2597 /* VerbatmCameraView.xib in Resources */,
				C772F2831B4BC13500CEC83D /* GMEmptyFolder@2x.png in Resources */,
				C79747DA1B50B815009077E3 /* Verbatm-Info.plist in Resources */,
				C772F2821B4BC13500CEC83D /* GMEmptyFolder@1x.png in Resources */,
				C774040F19BE6538004C50EA /* Images.xcassets in Resources */,
				C7BC4380199D97F5004B91A1 /* InfoPlist.strings in Resources */,
				A5B344901B4DE18B0074B4AA /* MultiplePhotoAVE.xib in Resources */,
				A5B344961B4DE72F0074B4AA /* MultiplePhotoVideoAVE.xib in Resources */,
			);
			runOnlyForDeploymentPostprocessing = 0;
		};
		C7BC4391199D97F6004B91A1 /* Resources */ = {
			isa = PBXResourcesBuildPhase;
			buildActionMask = 2147483647;
			files = (
				C7BC439F199D97F6004B91A1 /* InfoPlist.strings in Resources */,
			);
			runOnlyForDeploymentPostprocessing = 0;
		};
/* End PBXResourcesBuildPhase section */

/* Begin PBXShellScriptBuildPhase section */
		A5B8EDEC1B46E1E300932ADE /* ShellScript */ = {
			isa = PBXShellScriptBuildPhase;
			buildActionMask = 2147483647;
			files = (
			);
			inputPaths = (
			);
			outputPaths = (
			);
			runOnlyForDeploymentPostprocessing = 0;
			shellPath = /bin/sh;
			shellScript = "buildNumber=$(/usr/libexec/PlistBuddy -c \"Print CFBundleVersion\" \"${PROJECT_DIR}/${INFOPLIST_FILE}\")\nbuildNumber=$(($buildNumber + 1))\n/usr/libexec/PlistBuddy -c \"Set :CFBundleVersion $buildNumber\" \"${PROJECT_DIR}/${INFOPLIST_FILE}\"";
		};
		C7469BF11B47231A00EA7B10 /* ShellScript */ = {
			isa = PBXShellScriptBuildPhase;
			buildActionMask = 2147483647;
			files = (
			);
			inputPaths = (
			);
			outputPaths = (
			);
			runOnlyForDeploymentPostprocessing = 0;
			shellPath = /bin/sh;
			shellScript = "";
		};
/* End PBXShellScriptBuildPhase section */

/* Begin PBXSourcesBuildPhase section */
		C7BC436E199D97F5004B91A1 /* Sources */ = {
			isa = PBXSourcesBuildPhase;
			buildActionMask = 2147483647;
			files = (
				A57A92FF1B55A551006C2597 /* CameraFocusSquare.m in Sources */,
				C716A5B219E0CA3500A5490B /* DashLineView.m in Sources */,
				C77A68B11AC0A49B000B10E2 /* VIEW_TESTERViewController.m in Sources */,
				9D29995B19BA9042005EBC8A /* MediaDevVC.m in Sources */,
				C772F2801B4BC13500CEC83D /* GMAlbumsViewCell.m in Sources */,
				A57A93051B55E835006C2597 /* VerbatmCameraView.m in Sources */,
				C7A8E3861A61CE4D00776BD1 /* VerbatmPullBarView.m in Sources */,
				C7CCFF3C19CE63A800E90080 /* testerAnimation.m in Sources */,
				C7CCFF3F19CE657800E90080 /* testerTransitionDelegate.m in Sources */,
				C772F2851B4BC13500CEC83D /* GMGridViewController.m in Sources */,
				C77A68B41AC20AA2000B10E2 /* MultiplePhotoAVE.m in Sources */,
				C7BD53C91B5C1A4C00EE6241 /* verbatmAveTextView.m in Sources */,
				9D29995819BA7EBD005EBC8A /* MediaSessionManager.m in Sources */,
				A562D50D1B506D2800F566F4 /* VideoPlayerView.m in Sources */,
				C772F2811B4BC13500CEC83D /* GMAlbumsViewController.m in Sources */,
				C7BD53C41B5B73A700EE6241 /* TextAndOtherAves.m in Sources */,
				F20A24FA1A46166100BB77C1 /* VerbatmImageScrollView.m in Sources */,
				C7A8A7F319A96E0B00CE861F /* Photo.m in Sources */,
				C772F2841B4BC13500CEC83D /* GMGridViewCell.m in Sources */,
				C7E6C1451A4E394600863893 /* TextAVE.m in Sources */,
				C7E6C13F1A4E394600863893 /* MultiplePhotoVideoAVE.m in Sources */,
				C7F3D46B1A4F84C000B43238 /* UserLoginVC.m in Sources */,
				C7EF5BB61B0CD5E500E7915B /* MasterNavigationVC.m in Sources */,
				C734FD9C19B14B8D00B2C370 /* ContentDevVC.m in Sources */,
				C7E6C1461A4E394600863893 /* VideoAVE.m in Sources */,
				C7360E4F19A46D4E002B2DE5 /* Article.m in Sources */,
				C772F2861B4BC13500CEC83D /* GMImagePickerController.m in Sources */,
				C777EEAD1AD288A3003E0633 /* ArticleListVC.m in Sources */,
				C7BC43C0199F7427004B91A1 /* VerbatmUser.m in Sources */,
				C7614F421A247BD100E6AB24 /* VerbatmImageView.m in Sources */,
				C78B682419CA6C01003D0AC5 /* VerbatmUITextView.m in Sources */,
				F266F3F11A4A6AE200EA0327 /* Analyzer.m in Sources */,
				C7BC4386199D97F5004B91A1 /* verbatmAppDelegate.m in Sources */,
				C7A8E3891A61CE7800776BD1 /* VerbatmKeyboardView.m in Sources */,
				C7BC4382199D97F5004B91A1 /* main.m in Sources */,
				A5CB82A31B5740A000195A2E /* UIEffects.m in Sources */,
				C777EEA61AC90A7A003E0633 /* ArticleAquirer.m in Sources */,
				C78B682619CA6C01003D0AC5 /* MediaSelectTile.m in Sources */,
				F2964FA41A4FE43300E1DBEC /* Page.m in Sources */,
				C7F18D851A05C0EE0002255B /* VerbatmTextField.m in Sources */,
				C777EEA01AC7F8B6003E0633 /* verbatmArticle_TableViewCell.m in Sources */,
				C7F3D46E1A4F84DF00B43238 /* UserSignUpVC.m in Sources */,
				C78B682519CA6C01003D0AC5 /* VerbatmScrollView.m in Sources */,
				C77C7D391A22E9FC00694B20 /* PinchView.m in Sources */,
				C7E6C1431A4E394600863893 /* TextPhotoAVE.m in Sources */,
				C7A8A7F619A96E1B00CE861F /* Video.m in Sources */,
				C702DE701B315CDF00EE2B00 /* ArticleDisplayVC.m in Sources */,
			);
			runOnlyForDeploymentPostprocessing = 0;
		};
		C7BC438F199D97F6004B91A1 /* Sources */ = {
			isa = PBXSourcesBuildPhase;
			buildActionMask = 2147483647;
			files = (
				C7BC43A1199D97F6004B91A1 /* VerbatmTests.m in Sources */,
			);
			runOnlyForDeploymentPostprocessing = 0;
		};
/* End PBXSourcesBuildPhase section */

/* Begin PBXTargetDependency section */
		C7BC4399199D97F6004B91A1 /* PBXTargetDependency */ = {
			isa = PBXTargetDependency;
			target = C7BC4371199D97F5004B91A1 /* Verbatm */;
			targetProxy = C7BC4398199D97F6004B91A1 /* PBXContainerItemProxy */;
		};
/* End PBXTargetDependency section */

/* Begin PBXVariantGroup section */
		C7469BF21B4874A600EA7B10 /* Main.storyboard */ = {
			isa = PBXVariantGroup;
			children = (
				C7469BF31B4874A600EA7B10 /* Base */,
			);
			name = Main.storyboard;
			sourceTree = "<group>";
		};
		C772F2661B4BC13500CEC83D /* GMImagePicker.strings */ = {
			isa = PBXVariantGroup;
			children = (
				C772F2671B4BC13500CEC83D /* Base */,
				C772F2681B4BC13500CEC83D /* ca */,
				C772F2691B4BC13500CEC83D /* de */,
				C772F26A1B4BC13500CEC83D /* en */,
				C772F26B1B4BC13500CEC83D /* es */,
				C772F26C1B4BC13500CEC83D /* fr */,
				C772F27D1B4BC13500CEC83D /* it */,
				C772F27E1B4BC13500CEC83D /* pt */,
			);
			name = GMImagePicker.strings;
			sourceTree = "<group>";
		};
		C7BC437E199D97F5004B91A1 /* InfoPlist.strings */ = {
			isa = PBXVariantGroup;
			children = (
				C7BC437F199D97F5004B91A1 /* en */,
			);
			name = InfoPlist.strings;
			sourceTree = "<group>";
		};
		C7BC439D199D97F6004B91A1 /* InfoPlist.strings */ = {
			isa = PBXVariantGroup;
			children = (
				C7BC439E199D97F6004B91A1 /* en */,
			);
			name = InfoPlist.strings;
			sourceTree = "<group>";
		};
/* End PBXVariantGroup section */

/* Begin XCBuildConfiguration section */
		C7BC43A2199D97F6004B91A1 /* Debug */ = {
			isa = XCBuildConfiguration;
			buildSettings = {
				ALWAYS_SEARCH_USER_PATHS = NO;
				CLANG_CXX_LANGUAGE_STANDARD = "gnu++0x";
				CLANG_CXX_LIBRARY = "libc++";
				CLANG_ENABLE_MODULES = YES;
				CLANG_ENABLE_OBJC_ARC = YES;
				CLANG_WARN_BOOL_CONVERSION = YES;
				CLANG_WARN_CONSTANT_CONVERSION = YES;
				CLANG_WARN_DIRECT_OBJC_ISA_USAGE = YES_ERROR;
				CLANG_WARN_EMPTY_BODY = YES;
				CLANG_WARN_ENUM_CONVERSION = YES;
				CLANG_WARN_INT_CONVERSION = YES;
				CLANG_WARN_OBJC_ROOT_CLASS = YES_ERROR;
				CLANG_WARN__DUPLICATE_METHOD_MATCH = YES;
				CODE_SIGN_IDENTITY = "iPhone Developer";
				"CODE_SIGN_IDENTITY[sdk=iphoneos*]" = "iPhone Developer";
				COPY_PHASE_STRIP = NO;
				ENABLE_TESTABILITY = YES;
				GCC_C_LANGUAGE_STANDARD = gnu99;
				GCC_DYNAMIC_NO_PIC = NO;
				GCC_OPTIMIZATION_LEVEL = 0;
				GCC_PREPROCESSOR_DEFINITIONS = (
					"DEBUG=1",
					"$(inherited)",
				);
				GCC_SYMBOLS_PRIVATE_EXTERN = NO;
				GCC_WARN_64_TO_32_BIT_CONVERSION = YES;
				GCC_WARN_ABOUT_RETURN_TYPE = YES_ERROR;
				GCC_WARN_UNDECLARED_SELECTOR = YES;
				GCC_WARN_UNINITIALIZED_AUTOS = YES_AGGRESSIVE;
				GCC_WARN_UNUSED_FUNCTION = YES;
				GCC_WARN_UNUSED_VARIABLE = YES;
				IPHONEOS_DEPLOYMENT_TARGET = 7.1;
				ONLY_ACTIVE_ARCH = YES;
				PROVISIONING_PROFILE = "98f1c3d3-c353-49e8-9093-2d24fb3bec28";
				SDKROOT = iphoneos;
			};
			name = Debug;
		};
		C7BC43A3199D97F6004B91A1 /* Release */ = {
			isa = XCBuildConfiguration;
			buildSettings = {
				ALWAYS_SEARCH_USER_PATHS = NO;
				CLANG_CXX_LANGUAGE_STANDARD = "gnu++0x";
				CLANG_CXX_LIBRARY = "libc++";
				CLANG_ENABLE_MODULES = YES;
				CLANG_ENABLE_OBJC_ARC = YES;
				CLANG_WARN_BOOL_CONVERSION = YES;
				CLANG_WARN_CONSTANT_CONVERSION = YES;
				CLANG_WARN_DIRECT_OBJC_ISA_USAGE = YES_ERROR;
				CLANG_WARN_EMPTY_BODY = YES;
				CLANG_WARN_ENUM_CONVERSION = YES;
				CLANG_WARN_INT_CONVERSION = YES;
				CLANG_WARN_OBJC_ROOT_CLASS = YES_ERROR;
				CLANG_WARN__DUPLICATE_METHOD_MATCH = YES;
				CODE_SIGN_IDENTITY = "iPhone Developer";
				"CODE_SIGN_IDENTITY[sdk=iphoneos*]" = "iPhone Developer";
				COPY_PHASE_STRIP = YES;
				ENABLE_NS_ASSERTIONS = NO;
				GCC_C_LANGUAGE_STANDARD = gnu99;
				GCC_WARN_64_TO_32_BIT_CONVERSION = YES;
				GCC_WARN_ABOUT_RETURN_TYPE = YES_ERROR;
				GCC_WARN_UNDECLARED_SELECTOR = YES;
				GCC_WARN_UNINITIALIZED_AUTOS = YES_AGGRESSIVE;
				GCC_WARN_UNUSED_FUNCTION = YES;
				GCC_WARN_UNUSED_VARIABLE = YES;
				IPHONEOS_DEPLOYMENT_TARGET = 7.1;
				PROVISIONING_PROFILE = "98f1c3d3-c353-49e8-9093-2d24fb3bec28";
				SDKROOT = iphoneos;
				VALIDATE_PRODUCT = YES;
			};
			name = Release;
		};
		C7BC43A5199D97F6004B91A1 /* Debug */ = {
			isa = XCBuildConfiguration;
			buildSettings = {
				ASSETCATALOG_COMPILER_APPICON_NAME = AppIcon;
				ASSETCATALOG_COMPILER_LAUNCHIMAGE_NAME = "LaunchImage-3";
				CODE_SIGN_IDENTITY = "iPhone Developer";
				"CODE_SIGN_IDENTITY[sdk=iphoneos*]" = "iPhone Developer";
				CURRENT_PROJECT_VERSION = 2;
				ENABLE_BITCODE = NO;
				FRAMEWORK_SEARCH_PATHS = (
					"$(inherited)",
					"$(PROJECT_DIR)",
				);
				GCC_PRECOMPILE_PREFIX_HEADER = YES;
				GCC_PREFIX_HEADER = "Verbatm/Verbatm-Prefix.pch";
				INFOPLIST_FILE = "Verbatm/Verbatm-Info.plist";
				IPHONEOS_DEPLOYMENT_TARGET = 8.0;
				PRODUCT_BUNDLE_IDENTIFIER = com.myVerbatm.Verbatm;
				PRODUCT_NAME = "$(TARGET_NAME)";
				PROVISIONING_PROFILE = "98f1c3d3-c353-49e8-9093-2d24fb3bec28";
				VERSIONING_SYSTEM = "apple-generic";
				WRAPPER_EXTENSION = app;
			};
			name = Debug;
		};
		C7BC43A6199D97F6004B91A1 /* Release */ = {
			isa = XCBuildConfiguration;
			buildSettings = {
				ASSETCATALOG_COMPILER_APPICON_NAME = AppIcon;
				ASSETCATALOG_COMPILER_LAUNCHIMAGE_NAME = "LaunchImage-3";
				CODE_SIGN_IDENTITY = "iPhone Developer";
				"CODE_SIGN_IDENTITY[sdk=iphoneos*]" = "iPhone Developer";
				CURRENT_PROJECT_VERSION = 2;
				ENABLE_BITCODE = NO;
				FRAMEWORK_SEARCH_PATHS = (
					"$(inherited)",
					"$(PROJECT_DIR)",
				);
				GCC_PRECOMPILE_PREFIX_HEADER = YES;
				GCC_PREFIX_HEADER = "Verbatm/Verbatm-Prefix.pch";
				INFOPLIST_FILE = "Verbatm/Verbatm-Info.plist";
				IPHONEOS_DEPLOYMENT_TARGET = 8.0;
				PRODUCT_BUNDLE_IDENTIFIER = com.myVerbatm.Verbatm;
				PRODUCT_NAME = "$(TARGET_NAME)";
				PROVISIONING_PROFILE = "98f1c3d3-c353-49e8-9093-2d24fb3bec28";
				VERSIONING_SYSTEM = "apple-generic";
				WRAPPER_EXTENSION = app;
			};
			name = Release;
		};
		C7BC43A8199D97F6004B91A1 /* Debug */ = {
			isa = XCBuildConfiguration;
			buildSettings = {
				BUNDLE_LOADER = "$(TEST_HOST)";
				FRAMEWORK_SEARCH_PATHS = (
					"$(SDKROOT)/Developer/Library/Frameworks",
					"$(inherited)",
					"$(DEVELOPER_FRAMEWORKS_DIR)",
				);
				GCC_PRECOMPILE_PREFIX_HEADER = YES;
				GCC_PREFIX_HEADER = "Verbatm/Verbatm-Prefix.pch";
				GCC_PREPROCESSOR_DEFINITIONS = (
					"DEBUG=1",
					"$(inherited)",
				);
				INFOPLIST_FILE = "VerbatmTests/VerbatmTests-Info.plist";
				IPHONEOS_DEPLOYMENT_TARGET = 7.0;
				PRODUCT_BUNDLE_IDENTIFIER = "verbatm.${PRODUCT_NAME:rfc1034identifier}";
				PRODUCT_NAME = "$(TARGET_NAME)";
				TEST_HOST = "$(BUILT_PRODUCTS_DIR)/Verbatm.app/Verbatm";
				WRAPPER_EXTENSION = xctest;
			};
			name = Debug;
		};
		C7BC43A9199D97F6004B91A1 /* Release */ = {
			isa = XCBuildConfiguration;
			buildSettings = {
				BUNDLE_LOADER = "$(TEST_HOST)";
				FRAMEWORK_SEARCH_PATHS = (
					"$(SDKROOT)/Developer/Library/Frameworks",
					"$(inherited)",
					"$(DEVELOPER_FRAMEWORKS_DIR)",
				);
				GCC_PRECOMPILE_PREFIX_HEADER = YES;
				GCC_PREFIX_HEADER = "Verbatm/Verbatm-Prefix.pch";
				INFOPLIST_FILE = "VerbatmTests/VerbatmTests-Info.plist";
				IPHONEOS_DEPLOYMENT_TARGET = 7.0;
				PRODUCT_BUNDLE_IDENTIFIER = "verbatm.${PRODUCT_NAME:rfc1034identifier}";
				PRODUCT_NAME = "$(TARGET_NAME)";
				TEST_HOST = "$(BUILT_PRODUCTS_DIR)/Verbatm.app/Verbatm";
				WRAPPER_EXTENSION = xctest;
			};
			name = Release;
		};
/* End XCBuildConfiguration section */

/* Begin XCConfigurationList section */
		C7BC436D199D97F5004B91A1 /* Build configuration list for PBXProject "Verbatm" */ = {
			isa = XCConfigurationList;
			buildConfigurations = (
				C7BC43A2199D97F6004B91A1 /* Debug */,
				C7BC43A3199D97F6004B91A1 /* Release */,
			);
			defaultConfigurationIsVisible = 0;
			defaultConfigurationName = Release;
		};
		C7BC43A4199D97F6004B91A1 /* Build configuration list for PBXNativeTarget "Verbatm" */ = {
			isa = XCConfigurationList;
			buildConfigurations = (
				C7BC43A5199D97F6004B91A1 /* Debug */,
				C7BC43A6199D97F6004B91A1 /* Release */,
			);
			defaultConfigurationIsVisible = 0;
			defaultConfigurationName = Release;
		};
		C7BC43A7199D97F6004B91A1 /* Build configuration list for PBXNativeTarget "VerbatmTests" */ = {
			isa = XCConfigurationList;
			buildConfigurations = (
				C7BC43A8199D97F6004B91A1 /* Debug */,
				C7BC43A9199D97F6004B91A1 /* Release */,
			);
			defaultConfigurationIsVisible = 0;
			defaultConfigurationName = Release;
		};
/* End XCConfigurationList section */
	};
	rootObject = C7BC436A199D97F5004B91A1 /* Project object */;
}
